{
    "_readme": [
        "This file locks the dependencies of your project to a known state",
        "Read more about it at http://getcomposer.org/doc/01-basic-usage.md#composer-lock-the-lock-file"
    ],
    "hash": "7953b53147efa86105a966f3e3f62535",
    "packages": [
        {
            "name": "notihnio/mgr",
            "version": "1.2.2",
            "source": {
                "type": "git",
                "url": "https://github.com/notihnio/mgr.git",
                "reference": "fdff52ab932d80fc5d21eeebd45e0dfb590147eb"
            },
            "dist": {
                "type": "zip",
                "url": "https://api.github.com/repos/notihnio/mgr/zipball/fdff52ab932d80fc5d21eeebd45e0dfb590147eb",
                "reference": "fdff52ab932d80fc5d21eeebd45e0dfb590147eb",
                "shasum": ""
            },
            "require": {
                "php": ">=5.3.0"
            },
            "type": "mvc-framework",
            "autoload": {
                "psr-0": {
                    "Mgr": "src/"
                }
            },
            "notification-url": "https://packagist.org/downloads/",
            "license": [
                "GNU-GPLv3"
            ],
            "authors": [
                {
                    "name": "Panagiotis (Notis) Mastrandrikos",
                    "email": "pmastranrdikos@gmail.com",
                    "homepage": "https://github.com/notihnio",
                    "role": "Developer"
                }
            ],
            "description": "Mgr is an open source light PHP Framwork framework.",
            "keywords": [
                "framework",
                "greece",
                "light",
                "lightweight",
                "mastrandrikos",
                "megara",
                "mvc",
                "notihnio",
                "notis",
                "php"
            ],
            "time": "2014-05-06 11:56:56"
        }
    ],
    "packages-dev": [

    ],
    "aliases": [

    ],
    "minimum-stability": "stable",
    "stability-flags": [

    ],
    "platform": [

    ],
    "platform-dev": [

    ]
}
