{
    "_readme": [
        "This file locks the dependencies of your project to a known state",
        "Read more about it at http://getcomposer.org/doc/01-basic-usage.md#composer-lock-the-lock-file",
        "This file is @generated automatically"
    ],
    "hash": "10b9f489de3f09b657e4079b787054d2",
    "packages": [
        {
            "name": "notihnio/mgr",
            "version": "1.6.0",
            "source": {
                "type": "git",
                "url": "https://github.com/notihnio/mgr.git",
                "reference": "730788cf376bbbc0d54777bcbbc0b16adb2a2b4d"
            },
            "dist": {
                "type": "zip",
                "url": "https://api.github.com/repos/notihnio/mgr/zipball/730788cf376bbbc0d54777bcbbc0b16adb2a2b4d",
                "reference": "730788cf376bbbc0d54777bcbbc0b16adb2a2b4d",
                "shasum": ""
            },
            "require": {
                "php": ">=5.3.0"
            },
            "type": "mvc-framework",
            "autoload": {
                "psr-0": {
                    "Mgr": "src/"
                }
            },
            "notification-url": "https://packagist.org/downloads/",
            "license": [
                "GNU-GPLv3"
            ],
            "authors": [
                {
                    "name": "Panagiotis (Notis) Mastrandrikos",
                    "email": "pmastranrdikos@gmail.com",
                    "homepage": "https://github.com/notihnio",
                    "role": "Developer"
                }
            ],
            "description": "Mgr is an open source light PHP Framwork framework.",
            "keywords": [
                "framework",
                "greece",
                "light",
                "lightweight",
                "mastrandrikos",
                "megara",
                "mvc",
                "notihnio",
                "notis",
                "php"
            ],
            "time": "2015-02-23 12:08:53"
        }
    ],
    "packages-dev": [],
    "aliases": [],
    "minimum-stability": "stable",
    "stability-flags": [],
    "prefer-stable": false,
    "prefer-lowest": false,
    "platform": [],
    "platform-dev": []
}
