{
    "_readme": [
        "This file locks the dependencies of your project to a known state",
        "Read more about it at http://getcomposer.org/doc/01-basic-usage.md#composer-lock-the-lock-file"
    ],
    "hash": "4681abe2cfe5bd1ffcd2c487fa0d84f0",
    "packages": [
        {
            "name": "notihnio/mgr",
            "version": "1.1",
            "source": {
                "type": "git",
                "url": "https://github.com/notihnio/mgr.git",
                "reference": "7d8a3c1455998625d2d64e651ecd86efa4046a39"
            },
            "dist": {
                "type": "zip",
                "url": "https://api.github.com/repos/notihnio/mgr/zipball/7d8a3c1455998625d2d64e651ecd86efa4046a39",
                "reference": "7d8a3c1455998625d2d64e651ecd86efa4046a39",
                "shasum": ""
            },
            "require": {
                "php": ">=5.3.0"
            },
            "type": "library",
            "autoload": {
                "psr-0": {
                    "Mgr": "src/"
                }
            },
            "notification-url": "https://packagist.org/downloads/",
            "authors": [
                {
                    "name": "Panagiotis (Notis) Mastrandrikos",
                    "email": "pmastranrdikos@gmail.com",
                    "homepage": "https://github.com/notihnio",
                    "role": "Developer"
                }
            ],
            "description": "Mgr is an open source light framework.",
            "time": "2014-04-28 08:36:03"
        }
    ],
    "packages-dev": [

    ],
    "aliases": [

    ],
    "minimum-stability": "stable",
    "stability-flags": [

    ],
    "platform": [

    ],
    "platform-dev": [

    ]
}
